
Microsoft Visual Studio Solution File, Format Version 12.00
# Visual Studio Version 17
VisualStudioVersion = 17.1.32328.378
MinimumVisualStudioVersion = 10.0.40219.1
Project("{9A19103F-16F7-4668-BE54-9A1E7A4F7556}") = "Logeecom.AsyncProgramming.Presentation", "Logeecom.AsyncProgramming\Logeecom.AsyncProgramming.Presentation.csproj", "{D5230E93-E04F-40E9-9D52-4C9F94770972}"
EndProject
Project("{9A19103F-16F7-4668-BE54-9A1E7A4F7556}") = "Logeecom.AsyncProgramming.Business", "Logeecom.AsyncProgramming.Business\Logeecom.AsyncProgramming.Business.csproj", "{BAB2D8EF-2F94-4B5B-A40A-A80B3D2C2A6E}"
EndProject
Project("{9A19103F-16F7-4668-BE54-9A1E7A4F7556}") = "Logeecom.AsyncProgramming.DataAccess", "Logeecom.AsyncProgramming.DataAccess\Logeecom.AsyncProgramming.DataAccess.csproj", "{28D4B298-E765-4C9E-BF4F-6ABF95055D86}"
EndProject
Project("{9A19103F-16F7-4668-BE54-9A1E7A4F7556}") = "Logeecom.AsyncProgramming.Domain", "Logeecom.AsyncProgramming.Domain\Logeecom.AsyncProgramming.Domain.csproj", "{F42222AF-723F-4F90-BAE2-ECF6C5D3FBFF}"
EndProject
Project("{FAE04EC0-301F-11D3-BF4B-00C04F79EFBC}") = "Logeecom.AsyncProgramming.FluentMigrator", "Logeecom.AsyncProgramming.FluentMigrator\Logeecom.AsyncProgramming.FluentMigrator.csproj", "{258197A0-2740-4E02-881B-F4474A3A8234}"
EndProject
Global
	GlobalSection(SolutionConfigurationPlatforms) = preSolution
		Debug|Any CPU = Debug|Any CPU
		Release|Any CPU = Release|Any CPU
	EndGlobalSection
	GlobalSection(ProjectConfigurationPlatforms) = postSolution
		{D5230E93-E04F-40E9-9D52-4C9F94770972}.Debug|Any CPU.ActiveCfg = Debug|Any CPU
		{D5230E93-E04F-40E9-9D52-4C9F94770972}.Debug|Any CPU.Build.0 = Debug|Any CPU
		{D5230E93-E04F-40E9-9D52-4C9F94770972}.Release|Any CPU.ActiveCfg = Release|Any CPU
		{D5230E93-E04F-40E9-9D52-4C9F94770972}.Release|Any CPU.Build.0 = Release|Any CPU
		{BAB2D8EF-2F94-4B5B-A40A-A80B3D2C2A6E}.Debug|Any CPU.ActiveCfg = Debug|Any CPU
		{BAB2D8EF-2F94-4B5B-A40A-A80B3D2C2A6E}.Debug|Any CPU.Build.0 = Debug|Any CPU
		{BAB2D8EF-2F94-4B5B-A40A-A80B3D2C2A6E}.Release|Any CPU.ActiveCfg = Release|Any CPU
		{BAB2D8EF-2F94-4B5B-A40A-A80B3D2C2A6E}.Release|Any CPU.Build.0 = Release|Any CPU
		{28D4B298-E765-4C9E-BF4F-6ABF95055D86}.Debug|Any CPU.ActiveCfg = Debug|Any CPU
		{28D4B298-E765-4C9E-BF4F-6ABF95055D86}.Debug|Any CPU.Build.0 = Debug|Any CPU
		{28D4B298-E765-4C9E-BF4F-6ABF95055D86}.Release|Any CPU.ActiveCfg = Release|Any CPU
		{28D4B298-E765-4C9E-BF4F-6ABF95055D86}.Release|Any CPU.Build.0 = Release|Any CPU
		{F42222AF-723F-4F90-BAE2-ECF6C5D3FBFF}.Debug|Any CPU.ActiveCfg = Debug|Any CPU
		{F42222AF-723F-4F90-BAE2-ECF6C5D3FBFF}.Debug|Any CPU.Build.0 = Debug|Any CPU
		{F42222AF-723F-4F90-BAE2-ECF6C5D3FBFF}.Release|Any CPU.ActiveCfg = Release|Any CPU
		{F42222AF-723F-4F90-BAE2-ECF6C5D3FBFF}.Release|Any CPU.Build.0 = Release|Any CPU
		{258197A0-2740-4E02-881B-F4474A3A8234}.Debug|Any CPU.ActiveCfg = Debug|Any CPU
		{258197A0-2740-4E02-881B-F4474A3A8234}.Debug|Any CPU.Build.0 = Debug|Any CPU
		{258197A0-2740-4E02-881B-F4474A3A8234}.Release|Any CPU.ActiveCfg = Release|Any CPU
		{258197A0-2740-4E02-881B-F4474A3A8234}.Release|Any CPU.Build.0 = Release|Any CPU
	EndGlobalSection
	GlobalSection(SolutionProperties) = preSolution
		HideSolutionNode = FALSE
	EndGlobalSection
	GlobalSection(ExtensibilityGlobals) = postSolution
		SolutionGuid = {DF16013E-068E-4BD0-AFA6-CC09B5C3598B}
	EndGlobalSection
EndGlobal
